
Microsoft Visual Studio Solution File, Format Version 12.00
# Visual Studio Version 17
VisualStudioVersion = 17.8.34330.188
MinimumVisualStudioVersion = 10.0.40219.1
Project("{9A19103F-16F7-4668-BE54-9A1E7A4F7556}") = "BulkyBookWeb", "BulkyWeb\BulkyBookWeb.csproj", "{B8670952-A671-4D33-8812-E489B9A32D94}"
EndProject
Project("{9A19103F-16F7-4668-BE54-9A1E7A4F7556}") = "BulkyBook.DataAccess", "Bulky.DataAccess\BulkyBook.DataAccess.csproj", "{1C0C9F1D-13FC-4A56-948E-7B56EA0EED3A}"
EndProject
Project("{9A19103F-16F7-4668-BE54-9A1E7A4F7556}") = "BulkyBook.Models", "Bulky.Models\BulkyBook.Models.csproj", "{FD6EA12F-3CD0-4318-A4FC-E4F6D21E5C67}"
EndProject
Project("{9A19103F-16F7-4668-BE54-9A1E7A4F7556}") = "BulkyBook.Utility", "Bulky.Utility\BulkyBook.Utility.csproj", "{5E48A5D3-FAE4-4CE1-BD74-559D455C3AB0}"
EndProject
Global
	GlobalSection(SolutionConfigurationPlatforms) = preSolution
		Debug|Any CPU = Debug|Any CPU
		Release|Any CPU = Release|Any CPU
	EndGlobalSection
	GlobalSection(ProjectConfigurationPlatforms) = postSolution
		{B8670952-A671-4D33-8812-E489B9A32D94}.Debug|Any CPU.ActiveCfg = Debug|Any CPU
		{B8670952-A671-4D33-8812-E489B9A32D94}.Debug|Any CPU.Build.0 = Debug|Any CPU
		{B8670952-A671-4D33-8812-E489B9A32D94}.Release|Any CPU.ActiveCfg = Release|Any CPU
		{B8670952-A671-4D33-8812-E489B9A32D94}.Release|Any CPU.Build.0 = Release|Any CPU
		{1C0C9F1D-13FC-4A56-948E-7B56EA0EED3A}.Debug|Any CPU.ActiveCfg = Debug|Any CPU
		{1C0C9F1D-13FC-4A56-948E-7B56EA0EED3A}.Debug|Any CPU.Build.0 = Debug|Any CPU
		{1C0C9F1D-13FC-4A56-948E-7B56EA0EED3A}.Release|Any CPU.ActiveCfg = Release|Any CPU
		{1C0C9F1D-13FC-4A56-948E-7B56EA0EED3A}.Release|Any CPU.Build.0 = Release|Any CPU
		{FD6EA12F-3CD0-4318-A4FC-E4F6D21E5C67}.Debug|Any CPU.ActiveCfg = Debug|Any CPU
		{FD6EA12F-3CD0-4318-A4FC-E4F6D21E5C67}.Debug|Any CPU.Build.0 = Debug|Any CPU
		{FD6EA12F-3CD0-4318-A4FC-E4F6D21E5C67}.Release|Any CPU.ActiveCfg = Release|Any CPU
		{FD6EA12F-3CD0-4318-A4FC-E4F6D21E5C67}.Release|Any CPU.Build.0 = Release|Any CPU
		{5E48A5D3-FAE4-4CE1-BD74-559D455C3AB0}.Debug|Any CPU.ActiveCfg = Debug|Any CPU
		{5E48A5D3-FAE4-4CE1-BD74-559D455C3AB0}.Debug|Any CPU.Build.0 = Debug|Any CPU
		{5E48A5D3-FAE4-4CE1-BD74-559D455C3AB0}.Release|Any CPU.ActiveCfg = Release|Any CPU
		{5E48A5D3-FAE4-4CE1-BD74-559D455C3AB0}.Release|Any CPU.Build.0 = Release|Any CPU
	EndGlobalSection
	GlobalSection(SolutionProperties) = preSolution
		HideSolutionNode = FALSE
	EndGlobalSection
	GlobalSection(ExtensibilityGlobals) = postSolution
		SolutionGuid = {C6F75E91-32E1-4D8D-B973-9CC64D6BB025}
	EndGlobalSection
EndGlobal
